
Microsoft Visual Studio Solution File, Format Version 12.00
# Visual Studio Version 17
VisualStudioVersion = 17.1.32319.34
MinimumVisualStudioVersion = 10.0.40219.1
Project("{FAE04EC0-301F-11D3-BF4B-00C04F79EFBC}") = "FrontDeskApp", "FrontDeskApp.csproj", "{BBC2CA83-3551-4409-9942-D7EE6C95D6DD}"
EndProject
Project("{FAE04EC0-301F-11D3-BF4B-00C04F79EFBC}") = "DomainLayer", "..\DomainLayer\DomainLayer.csproj", "{0AD81016-865A-42FB-93B9-83C4BDB8DFF5}"
EndProject
Project("{FAE04EC0-301F-11D3-BF4B-00C04F79EFBC}") = "DataAccessLayer", "..\DataAccessLayer\DataAccessLayer.csproj", "{BC128073-B96C-41C6-A087-40009F58E083}"
EndProject
Project("{FAE04EC0-301F-11D3-BF4B-00C04F79EFBC}") = "BusinessLayer", "..\BusinessLayer\BusinessLayer.csproj", "{B9A199EF-003E-4898-8E4D-377584F0C3C8}"
EndProject
Global
	GlobalSection(SolutionConfigurationPlatforms) = preSolution
		Debug|Any CPU = Debug|Any CPU
		Release|Any CPU = Release|Any CPU
	EndGlobalSection
	GlobalSection(ProjectConfigurationPlatforms) = postSolution
		{BBC2CA83-3551-4409-9942-D7EE6C95D6DD}.Debug|Any CPU.ActiveCfg = Debug|Any CPU
		{BBC2CA83-3551-4409-9942-D7EE6C95D6DD}.Debug|Any CPU.Build.0 = Debug|Any CPU
		{BBC2CA83-3551-4409-9942-D7EE6C95D6DD}.Release|Any CPU.ActiveCfg = Release|Any CPU
		{BBC2CA83-3551-4409-9942-D7EE6C95D6DD}.Release|Any CPU.Build.0 = Release|Any CPU
		{0AD81016-865A-42FB-93B9-83C4BDB8DFF5}.Debug|Any CPU.ActiveCfg = Debug|Any CPU
		{0AD81016-865A-42FB-93B9-83C4BDB8DFF5}.Debug|Any CPU.Build.0 = Debug|Any CPU
		{0AD81016-865A-42FB-93B9-83C4BDB8DFF5}.Release|Any CPU.ActiveCfg = Release|Any CPU
		{0AD81016-865A-42FB-93B9-83C4BDB8DFF5}.Release|Any CPU.Build.0 = Release|Any CPU
		{BC128073-B96C-41C6-A087-40009F58E083}.Debug|Any CPU.ActiveCfg = Debug|Any CPU
		{BC128073-B96C-41C6-A087-40009F58E083}.Debug|Any CPU.Build.0 = Debug|Any CPU
		{BC128073-B96C-41C6-A087-40009F58E083}.Release|Any CPU.ActiveCfg = Release|Any CPU
		{BC128073-B96C-41C6-A087-40009F58E083}.Release|Any CPU.Build.0 = Release|Any CPU
		{B9A199EF-003E-4898-8E4D-377584F0C3C8}.Debug|Any CPU.ActiveCfg = Debug|Any CPU
		{B9A199EF-003E-4898-8E4D-377584F0C3C8}.Debug|Any CPU.Build.0 = Debug|Any CPU
		{B9A199EF-003E-4898-8E4D-377584F0C3C8}.Release|Any CPU.ActiveCfg = Release|Any CPU
		{B9A199EF-003E-4898-8E4D-377584F0C3C8}.Release|Any CPU.Build.0 = Release|Any CPU
	EndGlobalSection
	GlobalSection(SolutionProperties) = preSolution
		HideSolutionNode = FALSE
	EndGlobalSection
	GlobalSection(ExtensibilityGlobals) = postSolution
		SolutionGuid = {3E46BBC8-569D-4329-AB43-41DCD09F443E}
	EndGlobalSection
EndGlobal
